
Microsoft Visual Studio Solution File, Format Version 12.00
# Visual Studio Version 16
VisualStudioVersion = 16.0.32126.315
MinimumVisualStudioVersion = 10.0.40219.1
Project("{9A19103F-16F7-4668-BE54-9A1E7A4F7556}") = "NseVolatility", "NseVolatility\NseVolatility.csproj", "{D3B9AA4A-C60B-4727-8008-BF77A402E9A9}"
EndProject
Global
	GlobalSection(SolutionConfigurationPlatforms) = preSolution
		Debug|Any CPU = Debug|Any CPU
		Release|Any CPU = Release|Any CPU
	EndGlobalSection
	GlobalSection(ProjectConfigurationPlatforms) = postSolution
		{D3B9AA4A-C60B-4727-8008-BF77A402E9A9}.Debug|Any CPU.ActiveCfg = Debug|Any CPU
		{D3B9AA4A-C60B-4727-8008-BF77A402E9A9}.Debug|Any CPU.Build.0 = Debug|Any CPU
		{D3B9AA4A-C60B-4727-8008-BF77A402E9A9}.Release|Any CPU.ActiveCfg = Release|Any CPU
		{D3B9AA4A-C60B-4727-8008-BF77A402E9A9}.Release|Any CPU.Build.0 = Release|Any CPU
	EndGlobalSection
	GlobalSection(SolutionProperties) = preSolution
		HideSolutionNode = FALSE
	EndGlobalSection
	GlobalSection(ExtensibilityGlobals) = postSolution
		SolutionGuid = {09162330-0FA9-4E7F-A3BB-EE7FE1A1B043}
	EndGlobalSection
EndGlobal
